{
  "name": "@heymarco/modal",
  "version": "1.0.0",
  "lockfileVersion": 1,
  "requires": true,
  "dependencies": {
    "@heymarco/card": {
      "version": "1.0.2",
      "resolved": "https://registry.npmjs.org/@heymarco/card/-/card-1.0.2.tgz",
      "integrity": "sha512-t0RHxOJeBm3DGFqel5UIcNmOBgkoU+1vMVR2+qm72pjXRaunEbm1nK46o9TZHvx5QDRhrhRFqwAdKD1DkbBKVw==",
      "requires": {
        "@heymarco/colors": "^1.0.1",
        "@heymarco/container": "^1.0.6",
        "@heymarco/media-breakpoints": "^1.0.2"
      }
    },
    "@heymarco/colors": {
      "version": "1.0.2",
      "resolved": "https://registry.npmjs.org/@heymarco/colors/-/colors-1.0.2.tgz",
      "integrity": "sha512-FyWnT1FQl83cuDZsyTuu93HFv26X1c9f0HAwoosaPJ1BGeBgwd4mEHvJ7Znv8t+l4CTTGnp+0wk8jjcrjjhQnA==",
      "requires": {
        "bootstrap": "^4.5.3"
      }
    },
    "@heymarco/container": {
      "version": "1.0.6",
      "resolved": "https://registry.npmjs.org/@heymarco/container/-/container-1.0.6.tgz",
      "integrity": "sha512-/flcmnQE3YGR2EbSo1kP9fhTe7QFMLDBA4E4Cdt4iZ1P6C53CXeIToFx0x/UaZNF4+g4QAsCJOkDkg0CB+i/TA==",
      "requires": {
        "@heymarco/media-breakpoints": "^1.0.2",
        "@heymarco/scss-utils": "^1.0.1"
      }
    },
    "@heymarco/element": {
      "version": "1.0.0",
      "resolved": "https://registry.npmjs.org/@heymarco/element/-/element-1.0.0.tgz",
      "integrity": "sha512-dRHlVYvmS7cPib93XgLcsy2TaGKdsfoWA5K0vrjS3XcKPD9iwwYDPoWt5rFvUPz3G52GtCcchjBZ0XhmSvvIMw==",
      "requires": {
        "jquery-wrapper-class": "^1.0.9"
      }
    },
    "@heymarco/media-breakpoints": {
      "version": "1.0.2",
      "resolved": "https://registry.npmjs.org/@heymarco/media-breakpoints/-/media-breakpoints-1.0.2.tgz",
      "integrity": "sha512-Y0fl0vu9TndH+iDtRfqwfa/On/97v45KoBRNqj9q864LDGaQiyNEnOKNPrvNBd0VPJDyEEumTYkUzNTGVQ42xg==",
      "requires": {
        "bootstrap": "^4.5.3"
      }
    },
    "@heymarco/scss-utils": {
      "version": "1.0.2",
      "resolved": "https://registry.npmjs.org/@heymarco/scss-utils/-/scss-utils-1.0.2.tgz",
      "integrity": "sha512-YPE2JuW0fiuRT/qDyHfW1eZ7p54cJWxX6y3mB/jGskZCW7EgcDvXbO5UX49sG3eB0hIu5QylU/bxH7nj4wRq5Q=="
    },
    "@types/jquery": {
      "version": "3.5.4",
      "resolved": "https://registry.npmjs.org/@types/jquery/-/jquery-3.5.4.tgz",
      "integrity": "sha512-//9CHhaUt/rurMJTxGI+I6DmsNHgYU6d8aSLFfO5dB7+10lwLnaWT0z5GY/yY82Q/M+B+0Qh3TixlJ8vmBeqIw==",
      "requires": {
        "@types/sizzle": "*"
      }
    },
    "@types/sizzle": {
      "version": "2.3.2",
      "resolved": "https://registry.npmjs.org/@types/sizzle/-/sizzle-2.3.2.tgz",
      "integrity": "sha512-7EJYyKTL7tFR8+gDbB6Wwz/arpGa0Mywk1TJbNzKzHtzbwVmY4HR9WqS5VV7dsBUKQmPNr192jHr/VpBluj/hg=="
    },
    "bootstrap": {
      "version": "4.5.3",
      "resolved": "https://registry.npmjs.org/bootstrap/-/bootstrap-4.5.3.tgz",
      "integrity": "sha512-o9ppKQioXGqhw8Z7mah6KdTYpNQY//tipnkxppWhPbiSWdD+1raYsnhwEZjkTHYbGee4cVQ0Rx65EhOY/HNLcQ=="
    },
    "jquery": {
      "version": "3.5.1",
      "resolved": "https://registry.npmjs.org/jquery/-/jquery-3.5.1.tgz",
      "integrity": "sha512-XwIBPqcMn57FxfT+Go5pzySnm4KWkT1Tv7gjrpT1srtf8Weynl6R273VJ5GjkRb51IzMp5nbaPjJXMWeju2MKg=="
    },
    "jquery-wrapper-class": {
      "version": "1.0.9",
      "resolved": "https://registry.npmjs.org/jquery-wrapper-class/-/jquery-wrapper-class-1.0.9.tgz",
      "integrity": "sha512-7ulFZ8lXY985NeCn5FJPC3D1jTrYMi6J6nn7+LAEYnj95o4RrCdi0DshI5+aUTjPki+I2SlSWuEH2466Sti88g==",
      "requires": {
        "@types/jquery": "^3.5.4",
        "jquery": "^3.5.1"
      }
    }
  }
}
